// !$*UTF8*$!
{
	archiveVersion = 1;
	classes = {
	};
	objectVersion = 50;
	objects = {

/* Begin PBXBuildFile section */
		3416134725A5B0D400D1C227 /* AppDelegate.swift in Sources */ = {isa = PBXBuildFile; fileRef = 3416134625A5B0D400D1C227 /* AppDelegate.swift */; };
		3416134925A5B0D400D1C227 /* SceneDelegate.swift in Sources */ = {isa = PBXBuildFile; fileRef = 3416134825A5B0D400D1C227 /* SceneDelegate.swift */; };
		3416134B25A5B0D400D1C227 /* ViewController.swift in Sources */ = {isa = PBXBuildFile; fileRef = 3416134A25A5B0D400D1C227 /* ViewController.swift */; };
		3416134E25A5B0D400D1C227 /* Main.storyboard in Resources */ = {isa = PBXBuildFile; fileRef = 3416134C25A5B0D400D1C227 /* Main.storyboard */; };
		3416135025A5B0D700D1C227 /* Assets.xcassets in Resources */ = {isa = PBXBuildFile; fileRef = 3416134F25A5B0D700D1C227 /* Assets.xcassets */; };
		3416135325A5B0D700D1C227 /* LaunchScreen.storyboard in Resources */ = {isa = PBXBuildFile; fileRef = 3416135125A5B0D700D1C227 /* LaunchScreen.storyboard */; };
		3416135E25A5B0D800D1C227 /* NavitimeApiPracticeTests.swift in Sources */ = {isa = PBXBuildFile; fileRef = 3416135D25A5B0D800D1C227 /* NavitimeApiPracticeTests.swift */; };
		3416136925A5B0D800D1C227 /* NavitimeApiPracticeUITests.swift in Sources */ = {isa = PBXBuildFile; fileRef = 3416136825A5B0D800D1C227 /* NavitimeApiPracticeUITests.swift */; };
/* End PBXBuildFile section */

/* Begin PBXContainerItemProxy section */
		3416135A25A5B0D800D1C227 /* PBXContainerItemProxy */ = {
			isa = PBXContainerItemProxy;
			containerPortal = 3416133B25A5B0D400D1C227 /* Project object */;
			proxyType = 1;
			remoteGlobalIDString = 3416134225A5B0D400D1C227;
			remoteInfo = NavitimeApiPractice;
		};
		3416136525A5B0D800D1C227 /* PBXContainerItemProxy */ = {
			isa = PBXContainerItemProxy;
			containerPortal = 3416133B25A5B0D400D1C227 /* Project object */;
			proxyType = 1;
			remoteGlobalIDString = 3416134225A5B0D400D1C227;
			remoteInfo = NavitimeApiPractice;
		};
/* End PBXContainerItemProxy section */

/* Begin PBXFileReference section */
		3416134325A5B0D400D1C227 /* NavitimeApiPractice.app */ = {isa = PBXFileReference; explicitFileType = wrapper.application; includeInIndex = 0; path = NavitimeApiPractice.app; sourceTree = BUILT_PRODUCTS_DIR; };
		3416134625A5B0D400D1C227 /* AppDelegate.swift */ = {isa = PBXFileReference; lastKnownFileType = sourcecode.swift; path = AppDelegate.swift; sourceTree = "<group>"; };
		3416134825A5B0D400D1C227 /* SceneDelegate.swift */ = {isa = PBXFileReference; lastKnownFileType = sourcecode.swift; path = SceneDelegate.swift; sourceTree = "<group>"; };
		3416134A25A5B0D400D1C227 /* ViewController.swift */ = {isa = PBXFileReference; lastKnownFileType = sourcecode.swift; path = ViewController.swift; sourceTree = "<group>"; };
		3416134D25A5B0D400D1C227 /* Base */ = {isa = PBXFileReference; lastKnownFileType = file.storyboard; name = Base; path = Base.lproj/Main.storyboard; sourceTree = "<group>"; };
		3416134F25A5B0D700D1C227 /* Assets.xcassets */ = {isa = PBXFileReference; lastKnownFileType = folder.assetcatalog; path = Assets.xcassets; sourceTree = "<group>"; };
		3416135225A5B0D700D1C227 /* Base */ = {isa = PBXFileReference; lastKnownFileType = file.storyboard; name = Base; path = Base.lproj/LaunchScreen.storyboard; sourceTree = "<group>"; };
		3416135425A5B0D700D1C227 /* Info.plist */ = {isa = PBXFileReference; lastKnownFileType = text.plist.xml; path = Info.plist; sourceTree = "<group>"; };
		3416135925A5B0D800D1C227 /* NavitimeApiPracticeTests.xctest */ = {isa = PBXFileReference; explicitFileType = wrapper.cfbundle; includeInIndex = 0; path = NavitimeApiPracticeTests.xctest; sourceTree = BUILT_PRODUCTS_DIR; };
		3416135D25A5B0D800D1C227 /* NavitimeApiPracticeTests.swift */ = {isa = PBXFileReference; lastKnownFileType = sourcecode.swift; path = NavitimeApiPracticeTests.swift; sourceTree = "<group>"; };
		3416135F25A5B0D800D1C227 /* Info.plist */ = {isa = PBXFileReference; lastKnownFileType = text.plist.xml; path = Info.plist; sourceTree = "<group>"; };
		3416136425A5B0D800D1C227 /* NavitimeApiPracticeUITests.xctest */ = {isa = PBXFileReference; explicitFileType = wrapper.cfbundle; includeInIndex = 0; path = NavitimeApiPracticeUITests.xctest; sourceTree = BUILT_PRODUCTS_DIR; };
		3416136825A5B0D800D1C227 /* NavitimeApiPracticeUITests.swift */ = {isa = PBXFileReference; lastKnownFileType = sourcecode.swift; path = NavitimeApiPracticeUITests.swift; sourceTree = "<group>"; };
		3416136A25A5B0D800D1C227 /* Info.plist */ = {isa = PBXFileReference; lastKnownFileType = text.plist.xml; path = Info.plist; sourceTree = "<group>"; };
/* End PBXFileReference section */

/* Begin PBXFrameworksBuildPhase section */
		3416134025A5B0D400D1C227 /* Frameworks */ = {
			isa = PBXFrameworksBuildPhase;
			buildActionMask = 2147483647;
			files = (
			);
			runOnlyForDeploymentPostprocessing = 0;
		};
		3416135625A5B0D800D1C227 /* Frameworks */ = {
			isa = PBXFrameworksBuildPhase;
			buildActionMask = 2147483647;
			files = (
			);
			runOnlyForDeploymentPostprocessing = 0;
		};
		3416136125A5B0D800D1C227 /* Frameworks */ = {
			isa = PBXFrameworksBuildPhase;
			buildActionMask = 2147483647;
			files = (
			);
			runOnlyForDeploymentPostprocessing = 0;
		};
/* End PBXFrameworksBuildPhase section */

/* Begin PBXGroup section */
		3416133A25A5B0D400D1C227 = {
			isa = PBXGroup;
			children = (
				3416134525A5B0D400D1C227 /* NavitimeApiPractice */,
				3416135C25A5B0D800D1C227 /* NavitimeApiPracticeTests */,
				3416136725A5B0D800D1C227 /* NavitimeApiPracticeUITests */,
				3416134425A5B0D400D1C227 /* Products */,
			);
			sourceTree = "<group>";
		};
		3416134425A5B0D400D1C227 /* Products */ = {
			isa = PBXGroup;
			children = (
				3416134325A5B0D400D1C227 /* NavitimeApiPractice.app */,
				3416135925A5B0D800D1C227 /* NavitimeApiPracticeTests.xctest */,
				3416136425A5B0D800D1C227 /* NavitimeApiPracticeUITests.xctest */,
			);
			name = Products;
			sourceTree = "<group>";
		};
		3416134525A5B0D400D1C227 /* NavitimeApiPractice */ = {
			isa = PBXGroup;
			children = (
				3416134625A5B0D400D1C227 /* AppDelegate.swift */,
				3416134825A5B0D400D1C227 /* SceneDelegate.swift */,
				3416134A25A5B0D400D1C227 /* ViewController.swift */,
				3416134C25A5B0D400D1C227 /* Main.storyboard */,
				3416134F25A5B0D700D1C227 /* Assets.xcassets */,
				3416135125A5B0D700D1C227 /* LaunchScreen.storyboard */,
				3416135425A5B0D700D1C227 /* Info.plist */,
			);
			path = NavitimeApiPractice;
			sourceTree = "<group>";
		};
		3416135C25A5B0D800D1C227 /* NavitimeApiPracticeTests */ = {
			isa = PBXGroup;
			children = (
				3416135D25A5B0D800D1C227 /* NavitimeApiPracticeTests.swift */,
				3416135F25A5B0D800D1C227 /* Info.plist */,
			);
			path = NavitimeApiPracticeTests;
			sourceTree = "<group>";
		};
		3416136725A5B0D800D1C227 /* NavitimeApiPracticeUITests */ = {
			isa = PBXGroup;
			children = (
				3416136825A5B0D800D1C227 /* NavitimeApiPracticeUITests.swift */,
				3416136A25A5B0D800D1C227 /* Info.plist */,
			);
			path = NavitimeApiPracticeUITests;
			sourceTree = "<group>";
		};
/* End PBXGroup section */

/* Begin PBXNativeTarget section */
		3416134225A5B0D400D1C227 /* NavitimeApiPractice */ = {
			isa = PBXNativeTarget;
			buildConfigurationList = 3416136D25A5B0D800D1C227 /* Build configuration list for PBXNativeTarget "NavitimeApiPractice" */;
			buildPhases = (
				3416133F25A5B0D400D1C227 /* Sources */,
				3416134025A5B0D400D1C227 /* Frameworks */,
				3416134125A5B0D400D1C227 /* Resources */,
			);
			buildRules = (
			);
			dependencies = (
			);
			name = NavitimeApiPractice;
			productName = NavitimeApiPractice;
			productReference = 3416134325A5B0D400D1C227 /* NavitimeApiPractice.app */;
			productType = "com.apple.product-type.application";
		};
		3416135825A5B0D800D1C227 /* NavitimeApiPracticeTests */ = {
			isa = PBXNativeTarget;
			buildConfigurationList = 3416137025A5B0D800D1C227 /* Build configuration list for PBXNativeTarget "NavitimeApiPracticeTests" */;
			buildPhases = (
				3416135525A5B0D800D1C227 /* Sources */,
				3416135625A5B0D800D1C227 /* Frameworks */,
				3416135725A5B0D800D1C227 /* Resources */,
			);
			buildRules = (
			);
			dependencies = (
				3416135B25A5B0D800D1C227 /* PBXTargetDependency */,
			);
			name = NavitimeApiPracticeTests;
			productName = NavitimeApiPracticeTests;
			productReference = 3416135925A5B0D800D1C227 /* NavitimeApiPracticeTests.xctest */;
			productType = "com.apple.product-type.bundle.unit-test";
		};
		3416136325A5B0D800D1C227 /* NavitimeApiPracticeUITests */ = {
			isa = PBXNativeTarget;
			buildConfigurationList = 3416137325A5B0D800D1C227 /* Build configuration list for PBXNativeTarget "NavitimeApiPracticeUITests" */;
			buildPhases = (
				3416136025A5B0D800D1C227 /* Sources */,
				3416136125A5B0D800D1C227 /* Frameworks */,
				3416136225A5B0D800D1C227 /* Resources */,
			);
			buildRules = (
			);
			dependencies = (
				3416136625A5B0D800D1C227 /* PBXTargetDependency */,
			);
			name = NavitimeApiPracticeUITests;
			productName = NavitimeApiPracticeUITests;
			productReference = 3416136425A5B0D800D1C227 /* NavitimeApiPracticeUITests.xctest */;
			productType = "com.apple.product-type.bundle.ui-testing";
		};
/* End PBXNativeTarget section */

/* Begin PBXProject section */
		3416133B25A5B0D400D1C227 /* Project object */ = {
			isa = PBXProject;
			attributes = {
				LastSwiftUpdateCheck = 1230;
				LastUpgradeCheck = 1230;
				TargetAttributes = {
					3416134225A5B0D400D1C227 = {
						CreatedOnToolsVersion = 12.3;
					};
					3416135825A5B0D800D1C227 = {
						CreatedOnToolsVersion = 12.3;
						TestTargetID = 3416134225A5B0D400D1C227;
					};
					3416136325A5B0D800D1C227 = {
						CreatedOnToolsVersion = 12.3;
						TestTargetID = 3416134225A5B0D400D1C227;
					};
				};
			};
			buildConfigurationList = 3416133E25A5B0D400D1C227 /* Build configuration list for PBXProject "NavitimeApiPractice" */;
			compatibilityVersion = "Xcode 9.3";
			developmentRegion = en;
			hasScannedForEncodings = 0;
			knownRegions = (
				en,
				Base,
			);
			mainGroup = 3416133A25A5B0D400D1C227;
			productRefGroup = 3416134425A5B0D400D1C227 /* Products */;
			projectDirPath = "";
			projectRoot = "";
			targets = (
				3416134225A5B0D400D1C227 /* NavitimeApiPractice */,
				3416135825A5B0D800D1C227 /* NavitimeApiPracticeTests */,
				3416136325A5B0D800D1C227 /* NavitimeApiPracticeUITests */,
			);
		};
/* End PBXProject section */

/* Begin PBXResourcesBuildPhase section */
		3416134125A5B0D400D1C227 /* Resources */ = {
			isa = PBXResourcesBuildPhase;
			buildActionMask = 2147483647;
			files = (
				3416135325A5B0D700D1C227 /* LaunchScreen.storyboard in Resources */,
				3416135025A5B0D700D1C227 /* Assets.xcassets in Resources */,
				3416134E25A5B0D400D1C227 /* Main.storyboard in Resources */,
			);
			runOnlyForDeploymentPostprocessing = 0;
		};
		3416135725A5B0D800D1C227 /* Resources */ = {
			isa = PBXResourcesBuildPhase;
			buildActionMask = 2147483647;
			files = (
			);
			runOnlyForDeploymentPostprocessing = 0;
		};
		3416136225A5B0D800D1C227 /* Resources */ = {
			isa = PBXResourcesBuildPhase;
			buildActionMask = 2147483647;
			files = (
			);
			runOnlyForDeploymentPostprocessing = 0;
		};
/* End PBXResourcesBuildPhase section */

/* Begin PBXSourcesBuildPhase section */
		3416133F25A5B0D400D1C227 /* Sources */ = {
			isa = PBXSourcesBuildPhase;
			buildActionMask = 2147483647;
			files = (
				3416134B25A5B0D400D1C227 /* ViewController.swift in Sources */,
				3416134725A5B0D400D1C227 /* AppDelegate.swift in Sources */,
				3416134925A5B0D400D1C227 /* SceneDelegate.swift in Sources */,
			);
			runOnlyForDeploymentPostprocessing = 0;
		};
		3416135525A5B0D800D1C227 /* Sources */ = {
			isa = PBXSourcesBuildPhase;
			buildActionMask = 2147483647;
			files = (
				3416135E25A5B0D800D1C227 /* NavitimeApiPracticeTests.swift in Sources */,
			);
			runOnlyForDeploymentPostprocessing = 0;
		};
		3416136025A5B0D800D1C227 /* Sources */ = {
			isa = PBXSourcesBuildPhase;
			buildActionMask = 2147483647;
			files = (
				3416136925A5B0D800D1C227 /* NavitimeApiPracticeUITests.swift in Sources */,
			);
			runOnlyForDeploymentPostprocessing = 0;
		};
/* End PBXSourcesBuildPhase section */

/* Begin PBXTargetDependency section */
		3416135B25A5B0D800D1C227 /* PBXTargetDependency */ = {
			isa = PBXTargetDependency;
			target = 3416134225A5B0D400D1C227 /* NavitimeApiPractice */;
			targetProxy = 3416135A25A5B0D800D1C227 /* PBXContainerItemProxy */;
		};
		3416136625A5B0D800D1C227 /* PBXTargetDependency */ = {
			isa = PBXTargetDependency;
			target = 3416134225A5B0D400D1C227 /* NavitimeApiPractice */;
			targetProxy = 3416136525A5B0D800D1C227 /* PBXContainerItemProxy */;
		};
/* End PBXTargetDependency section */

/* Begin PBXVariantGroup section */
		3416134C25A5B0D400D1C227 /* Main.storyboard */ = {
			isa = PBXVariantGroup;
			children = (
				3416134D25A5B0D400D1C227 /* Base */,
			);
			name = Main.storyboard;
			sourceTree = "<group>";
		};
		3416135125A5B0D700D1C227 /* LaunchScreen.storyboard */ = {
			isa = PBXVariantGroup;
			children = (
				3416135225A5B0D700D1C227 /* Base */,
			);
			name = LaunchScreen.storyboard;
			sourceTree = "<group>";
		};
/* End PBXVariantGroup section */

/* Begin XCBuildConfiguration section */
		3416136B25A5B0D800D1C227 /* Debug */ = {
			isa = XCBuildConfiguration;
			buildSettings = {
				ALWAYS_SEARCH_USER_PATHS = NO;
				CLANG_ANALYZER_NONNULL = YES;
				CLANG_ANALYZER_NUMBER_OBJECT_CONVERSION = YES_AGGRESSIVE;
				CLANG_CXX_LANGUAGE_STANDARD = "gnu++14";
				CLANG_CXX_LIBRARY = "libc++";
				CLANG_ENABLE_MODULES = YES;
				CLANG_ENABLE_OBJC_ARC = YES;
				CLANG_ENABLE_OBJC_WEAK = YES;
				CLANG_WARN_BLOCK_CAPTURE_AUTORELEASING = YES;
				CLANG_WARN_BOOL_CONVERSION = YES;
				CLANG_WARN_COMMA = YES;
				CLANG_WARN_CONSTANT_CONVERSION = YES;
				CLANG_WARN_DEPRECATED_OBJC_IMPLEMENTATIONS = YES;
				CLANG_WARN_DIRECT_OBJC_ISA_USAGE = YES_ERROR;
				CLANG_WARN_DOCUMENTATION_COMMENTS = YES;
				CLANG_WARN_EMPTY_BODY = YES;
				CLANG_WARN_ENUM_CONVERSION = YES;
				CLANG_WARN_INFINITE_RECURSION = YES;
				CLANG_WARN_INT_CONVERSION = YES;
				CLANG_WARN_NON_LITERAL_NULL_CONVERSION = YES;
				CLANG_WARN_OBJC_IMPLICIT_RETAIN_SELF = YES;
				CLANG_WARN_OBJC_LITERAL_CONVERSION = YES;
				CLANG_WARN_OBJC_ROOT_CLASS = YES_ERROR;
				CLANG_WARN_QUOTED_INCLUDE_IN_FRAMEWORK_HEADER = YES;
				CLANG_WARN_RANGE_LOOP_ANALYSIS = YES;
				CLANG_WARN_STRICT_PROTOTYPES = YES;
				CLANG_WARN_SUSPICIOUS_MOVE = YES;
				CLANG_WARN_UNGUARDED_AVAILABILITY = YES_AGGRESSIVE;
				CLANG_WARN_UNREACHABLE_CODE = YES;
				CLANG_WARN__DUPLICATE_METHOD_MATCH = YES;
				COPY_PHASE_STRIP = NO;
				DEBUG_INFORMATION_FORMAT = dwarf;
				ENABLE_STRICT_OBJC_MSGSEND = YES;
				ENABLE_TESTABILITY = YES;
				GCC_C_LANGUAGE_STANDARD = gnu11;
				GCC_DYNAMIC_NO_PIC = NO;
				GCC_NO_COMMON_BLOCKS = YES;
				GCC_OPTIMIZATION_LEVEL = 0;
				GCC_PREPROCESSOR_DEFINITIONS = (
					"DEBUG=1",
					"$(inherited)",
				);
				GCC_WARN_64_TO_32_BIT_CONVERSION = YES;
				GCC_WARN_ABOUT_RETURN_TYPE = YES_ERROR;
				GCC_WARN_UNDECLARED_SELECTOR = YES;
				GCC_WARN_UNINITIALIZED_AUTOS = YES_AGGRESSIVE;
				GCC_WARN_UNUSED_FUNCTION = YES;
				GCC_WARN_UNUSED_VARIABLE = YES;
				IPHONEOS_DEPLOYMENT_TARGET = 14.3;
				MTL_ENABLE_DEBUG_INFO = INCLUDE_SOURCE;
				MTL_FAST_MATH = YES;
				ONLY_ACTIVE_ARCH = YES;
				SDKROOT = iphoneos;
				SWIFT_ACTIVE_COMPILATION_CONDITIONS = DEBUG;
				SWIFT_OPTIMIZATION_LEVEL = "-Onone";
			};
			name = Debug;
		};
		3416136C25A5B0D800D1C227 /* Release */ = {
			isa = XCBuildConfiguration;
			buildSettings = {
				ALWAYS_SEARCH_USER_PATHS = NO;
				CLANG_ANALYZER_NONNULL = YES;
				CLANG_ANALYZER_NUMBER_OBJECT_CONVERSION = YES_AGGRESSIVE;
				CLANG_CXX_LANGUAGE_STANDARD = "gnu++14";
				CLANG_CXX_LIBRARY = "libc++";
				CLANG_ENABLE_MODULES = YES;
				CLANG_ENABLE_OBJC_ARC = YES;
				CLANG_ENABLE_OBJC_WEAK = YES;
				CLANG_WARN_BLOCK_CAPTURE_AUTORELEASING = YES;
				CLANG_WARN_BOOL_CONVERSION = YES;
				CLANG_WARN_COMMA = YES;
				CLANG_WARN_CONSTANT_CONVERSION = YES;
				CLANG_WARN_DEPRECATED_OBJC_IMPLEMENTATIONS = YES;
				CLANG_WARN_DIRECT_OBJC_ISA_USAGE = YES_ERROR;
				CLANG_WARN_DOCUMENTATION_COMMENTS = YES;
				CLANG_WARN_EMPTY_BODY = YES;
				CLANG_WARN_ENUM_CONVERSION = YES;
				CLANG_WARN_INFINITE_RECURSION = YES;
				CLANG_WARN_INT_CONVERSION = YES;
				CLANG_WARN_NON_LITERAL_NULL_CONVERSION = YES;
				CLANG_WARN_OBJC_IMPLICIT_RETAIN_SELF = YES;
				CLANG_WARN_OBJC_LITERAL_CONVERSION = YES;
				CLANG_WARN_OBJC_ROOT_CLASS = YES_ERROR;
				CLANG_WARN_QUOTED_INCLUDE_IN_FRAMEWORK_HEADER = YES;
				CLANG_WARN_RANGE_LOOP_ANALYSIS = YES;
				CLANG_WARN_STRICT_PROTOTYPES = YES;
				CLANG_WARN_SUSPICIOUS_MOVE = YES;
				CLANG_WARN_UNGUARDED_AVAILABILITY = YES_AGGRESSIVE;
				CLANG_WARN_UNREACHABLE_CODE = YES;
				CLANG_WARN__DUPLICATE_METHOD_MATCH = YES;
				COPY_PHASE_STRIP = NO;
				DEBUG_INFORMATION_FORMAT = "dwarf-with-dsym";
				ENABLE_NS_ASSERTIONS = NO;
				ENABLE_STRICT_OBJC_MSGSEND = YES;
				GCC_C_LANGUAGE_STANDARD = gnu11;
				GCC_NO_COMMON_BLOCKS = YES;
				GCC_WARN_64_TO_32_BIT_CONVERSION = YES;
				GCC_WARN_ABOUT_RETURN_TYPE = YES_ERROR;
				GCC_WARN_UNDECLARED_SELECTOR = YES;
				GCC_WARN_UNINITIALIZED_AUTOS = YES_AGGRESSIVE;
				GCC_WARN_UNUSED_FUNCTION = YES;
				GCC_WARN_UNUSED_VARIABLE = YES;
				IPHONEOS_DEPLOYMENT_TARGET = 14.3;
				MTL_ENABLE_DEBUG_INFO = NO;
				MTL_FAST_MATH = YES;
				SDKROOT = iphoneos;
				SWIFT_COMPILATION_MODE = wholemodule;
				SWIFT_OPTIMIZATION_LEVEL = "-O";
				VALIDATE_PRODUCT = YES;
			};
			name = Release;
		};
		3416136E25A5B0D800D1C227 /* Debug */ = {
			isa = XCBuildConfiguration;
			buildSettings = {
				ASSETCATALOG_COMPILER_APPICON_NAME = AppIcon;
				ASSETCATALOG_COMPILER_GLOBAL_ACCENT_COLOR_NAME = AccentColor;
				CODE_SIGN_STYLE = Automatic;
				INFOPLIST_FILE = NavitimeApiPractice/Info.plist;
				LD_RUNPATH_SEARCH_PATHS = (
					"$(inherited)",
					"@executable_path/Frameworks",
				);
				PRODUCT_BUNDLE_IDENTIFIER = com.erikoenuma.NavitimeApiPractice;
				PRODUCT_NAME = "$(TARGET_NAME)";
				SWIFT_VERSION = 5.0;
				TARGETED_DEVICE_FAMILY = "1,2";
			};
			name = Debug;
		};
		3416136F25A5B0D800D1C227 /* Release */ = {
			isa = XCBuildConfiguration;
			buildSettings = {
				ASSETCATALOG_COMPILER_APPICON_NAME = AppIcon;
				ASSETCATALOG_COMPILER_GLOBAL_ACCENT_COLOR_NAME = AccentColor;
				CODE_SIGN_STYLE = Automatic;
				INFOPLIST_FILE = NavitimeApiPractice/Info.plist;
				LD_RUNPATH_SEARCH_PATHS = (
					"$(inherited)",
					"@executable_path/Frameworks",
				);
				PRODUCT_BUNDLE_IDENTIFIER = com.erikoenuma.NavitimeApiPractice;
				PRODUCT_NAME = "$(TARGET_NAME)";
				SWIFT_VERSION = 5.0;
				TARGETED_DEVICE_FAMILY = "1,2";
			};
			name = Release;
		};
		3416137125A5B0D800D1C227 /* Debug */ = {
			isa = XCBuildConfiguration;
			buildSettings = {
				ALWAYS_EMBED_SWIFT_STANDARD_LIBRARIES = YES;
				BUNDLE_LOADER = "$(TEST_HOST)";
				CODE_SIGN_STYLE = Automatic;
				INFOPLIST_FILE = NavitimeApiPracticeTests/Info.plist;
				IPHONEOS_DEPLOYMENT_TARGET = 14.3;
				LD_RUNPATH_SEARCH_PATHS = (
					"$(inherited)",
					"@executable_path/Frameworks",
					"@loader_path/Frameworks",
				);
				PRODUCT_BUNDLE_IDENTIFIER = com.erikoenuma.NavitimeApiPracticeTests;
				PRODUCT_NAME = "$(TARGET_NAME)";
				SWIFT_VERSION = 5.0;
				TARGETED_DEVICE_FAMILY = "1,2";
				TEST_HOST = "$(BUILT_PRODUCTS_DIR)/NavitimeApiPractice.app/NavitimeApiPractice";
			};
			name = Debug;
		};
		3416137225A5B0D800D1C227 /* Release */ = {
			isa = XCBuildConfiguration;
			buildSettings = {
				ALWAYS_EMBED_SWIFT_STANDARD_LIBRARIES = YES;
				BUNDLE_LOADER = "$(TEST_HOST)";
				CODE_SIGN_STYLE = Automatic;
				INFOPLIST_FILE = NavitimeApiPracticeTests/Info.plist;
				IPHONEOS_DEPLOYMENT_TARGET = 14.3;
				LD_RUNPATH_SEARCH_PATHS = (
					"$(inherited)",
					"@executable_path/Frameworks",
					"@loader_path/Frameworks",
				);
				PRODUCT_BUNDLE_IDENTIFIER = com.erikoenuma.NavitimeApiPracticeTests;
				PRODUCT_NAME = "$(TARGET_NAME)";
				SWIFT_VERSION = 5.0;
				TARGETED_DEVICE_FAMILY = "1,2";
				TEST_HOST = "$(BUILT_PRODUCTS_DIR)/NavitimeApiPractice.app/NavitimeApiPractice";
			};
			name = Release;
		};
		3416137425A5B0D800D1C227 /* Debug */ = {
			isa = XCBuildConfiguration;
			buildSettings = {
				ALWAYS_EMBED_SWIFT_STANDARD_LIBRARIES = YES;
				CODE_SIGN_STYLE = Automatic;
				INFOPLIST_FILE = NavitimeApiPracticeUITests/Info.plist;
				LD_RUNPATH_SEARCH_PATHS = (
					"$(inherited)",
					"@executable_path/Frameworks",
					"@loader_path/Frameworks",
				);
				PRODUCT_BUNDLE_IDENTIFIER = com.erikoenuma.NavitimeApiPracticeUITests;
				PRODUCT_NAME = "$(TARGET_NAME)";
				SWIFT_VERSION = 5.0;
				TARGETED_DEVICE_FAMILY = "1,2";
				TEST_TARGET_NAME = NavitimeApiPractice;
			};
			name = Debug;
		};
		3416137525A5B0D800D1C227 /* Release */ = {
			isa = XCBuildConfiguration;
			buildSettings = {
				ALWAYS_EMBED_SWIFT_STANDARD_LIBRARIES = YES;
				CODE_SIGN_STYLE = Automatic;
				INFOPLIST_FILE = NavitimeApiPracticeUITests/Info.plist;
				LD_RUNPATH_SEARCH_PATHS = (
					"$(inherited)",
					"@executable_path/Frameworks",
					"@loader_path/Frameworks",
				);
				PRODUCT_BUNDLE_IDENTIFIER = com.erikoenuma.NavitimeApiPracticeUITests;
				PRODUCT_NAME = "$(TARGET_NAME)";
				SWIFT_VERSION = 5.0;
				TARGETED_DEVICE_FAMILY = "1,2";
				TEST_TARGET_NAME = NavitimeApiPractice;
			};
			name = Release;
		};
/* End XCBuildConfiguration section */

/* Begin XCConfigurationList section */
		3416133E25A5B0D400D1C227 /* Build configuration list for PBXProject "NavitimeApiPractice" */ = {
			isa = XCConfigurationList;
			buildConfigurations = (
				3416136B25A5B0D800D1C227 /* Debug */,
				3416136C25A5B0D800D1C227 /* Release */,
			);
			defaultConfigurationIsVisible = 0;
			defaultConfigurationName = Release;
		};
		3416136D25A5B0D800D1C227 /* Build configuration list for PBXNativeTarget "NavitimeApiPractice" */ = {
			isa = XCConfigurationList;
			buildConfigurations = (
				3416136E25A5B0D800D1C227 /* Debug */,
				3416136F25A5B0D800D1C227 /* Release */,
			);
			defaultConfigurationIsVisible = 0;
			defaultConfigurationName = Release;
		};
		3416137025A5B0D800D1C227 /* Build configuration list for PBXNativeTarget "NavitimeApiPracticeTests" */ = {
			isa = XCConfigurationList;
			buildConfigurations = (
				3416137125A5B0D800D1C227 /* Debug */,
				3416137225A5B0D800D1C227 /* Release */,
			);
			defaultConfigurationIsVisible = 0;
			defaultConfigurationName = Release;
		};
		3416137325A5B0D800D1C227 /* Build configuration list for PBXNativeTarget "NavitimeApiPracticeUITests" */ = {
			isa = XCConfigurationList;
			buildConfigurations = (
				3416137425A5B0D800D1C227 /* Debug */,
				3416137525A5B0D800D1C227 /* Release */,
			);
			defaultConfigurationIsVisible = 0;
			defaultConfigurationName = Release;
		};
/* End XCConfigurationList section */
	};
	rootObject = 3416133B25A5B0D400D1C227 /* Project object */;
}
